NeoBundleLock Align 787662fe90cd057942bc5b682fd70c87e1a9dd77
NeoBundleLock Markdown 1aaa626022aac8fdf75cd62ac193f7304e160ea8
NeoBundleLock browserlink.vim ccb6b3f0b87a18f0406353b4972c93925b597df7
NeoBundleLock emmet-vim e24ea1734e77c76913e7eca3bbee9f5e238e4a84
NeoBundleLock indentLine 87a29facd8fbaffd4db3972bb555cfe51f2bac42
NeoBundleLock jedi-vim dc23f0b859d3b5c087921b68cf7cd66803ecca83
NeoBundleLock molokai c67bdfcdb31415aa0ade7f8c003261700a885476
NeoBundleLock neobundle.vim 1a789ef65ff12114440cc7d89c3b2ef0f0b8968c
NeoBundleLock neocomplete 80a65c78989475b59611cd7af37c272986cca563
NeoBundleLock neocomplete-rsense.vim a8b7460a41eb96aa1c9e49b231dd95e216c8dc2d
NeoBundleLock neosnippet 02176938f751e20a3a794e836aaba14e11eba34e
NeoBundleLock neosnippet-snippets 882d47c8809c74dc6f4aa5c8e288d220d8c1ede6
NeoBundleLock rsense 2952a54972cf927d5419085d1867b65ff7ab0d41
NeoBundleLock syntastic 2d0bb98cf227995c964570c7ecc82641bd3d043a
NeoBundleLock vim-instant-markdown 915c6812d45c00e5ad85c8147c6179743a41ae11
NeoBundleLock vimproc c809cb15f04f2ae62cb345365d2e76665294623b
