NeoBundleLock Align 787662fe90cd057942bc5b682fd70c87e1a9dd77
NeoBundleLock Markdown 1aaa626022aac8fdf75cd62ac193f7304e160ea8
NeoBundleLock browserlink.vim ccb6b3f0b87a18f0406353b4972c93925b597df7
NeoBundleLock emmet-vim 52f3af7ca8bc6a9988fcd80c7189591330fbcadd
NeoBundleLock indentLine 2a2617310b0fb4c0daf02be2ba465fada257f2d0
NeoBundleLock jedi-vim 6b7dfe1c1afa9f40df283b2223676ba32f9aa791
NeoBundleLock molokai c67bdfcdb31415aa0ade7f8c003261700a885476
NeoBundleLock neobundle.vim 30c40ccbfc6371fb922eece6e0657eb5da9e479b
NeoBundleLock neocomplete 71800331948b1bc3c3d79dbbf203a274cd5b6f56
NeoBundleLock neocomplete-rsense.vim a8b7460a41eb96aa1c9e49b231dd95e216c8dc2d
NeoBundleLock neosnippet aa37cd0fbe97d3b43fc37b5d23ded5bec1163686
NeoBundleLock neosnippet-snippets 17219351bcbec3708295c72c8280471eed12b8fe
NeoBundleLock rsense 2952a54972cf927d5419085d1867b65ff7ab0d41
NeoBundleLock syntastic cee74e0c1af934065fd1b3046e53cda76574f703
NeoBundleLock vim-instant-markdown e45d6108433274e82649afa269b2d7adf606e4be
NeoBundleLock vimproc c2f6b82af60a4e7acde0e8dc4e6b6f5dc1cc8e1d
