NeoBundleLock ag.vim 4a0dd6e190f446e5a016b44fdaa2feafc582918e
NeoBundleLock ctrlp-funky 921e8f87d95d0b597fb929c061ab9dd4d7703a63
NeoBundleLock ctrlp.vim 2868678a987834563bbc384763135462c2423eb8
NeoBundleLock indentLine 86b9824b89cf52d4b748ea2a27885607c98c881a
NeoBundleLock lightline.vim 059888ab650fa192dd441e52bd9f41f08b247529
NeoBundleLock molokai c67bdfcdb31415aa0ade7f8c003261700a885476
NeoBundleLock neobundle.vim 88951d60547595606ea0ca8f28f643d2506f2714
NeoBundleLock neocomplete.vim 9af19a78e381a13513851d222c17be1bd2679f7e
NeoBundleLock neosnippet c179a51f024e27edf4354a52ff8b9fa69c4c803c
NeoBundleLock neosnippet-snippets 4431bf176650696d5a8dd93814812afd0d06212c
NeoBundleLock syntastic 675f67eea29308537438eb49b3b28a444c1e4689
NeoBundleLock syntastic-local-eslint.vim 5d6a68121c0d2e2727122a0f10b6b01f40666c10
NeoBundleLock vim-ctrlp-commandline ac3ea874c0d472b2813292dc8e9f06ce08f9c0ed
NeoBundleLock vim-trailing-whitespace 733fb64337b6da4a51c85a43450cd620d8b617b5
